
Microsoft Visual Studio Solution File, Format Version 12.00
Project("{FAE04EC0-301F-11D3-BF4B-00C04F79EFBC}") = "wsb-oop", "wsb-oop\wsb-oop.csproj", "{1ACCFE9C-6703-4A77-A5F9-4AA022FE76B3}"
EndProject
Global
	GlobalSection(SolutionConfigurationPlatforms) = preSolution
		Debug|Any CPU = Debug|Any CPU
		Release|Any CPU = Release|Any CPU
	EndGlobalSection
	GlobalSection(ProjectConfigurationPlatforms) = postSolution
		{1ACCFE9C-6703-4A77-A5F9-4AA022FE76B3}.Debug|Any CPU.ActiveCfg = Debug|Any CPU
		{1ACCFE9C-6703-4A77-A5F9-4AA022FE76B3}.Debug|Any CPU.Build.0 = Debug|Any CPU
		{1ACCFE9C-6703-4A77-A5F9-4AA022FE76B3}.Release|Any CPU.ActiveCfg = Release|Any CPU
		{1ACCFE9C-6703-4A77-A5F9-4AA022FE76B3}.Release|Any CPU.Build.0 = Release|Any CPU
	EndGlobalSection
EndGlobal
